
Microsoft Visual Studio Solution File, Format Version 12.00
# Visual Studio 14
VisualStudioVersion = 14.0.24720.0
MinimumVisualStudioVersion = 10.0.40219.1
Project("{2150E333-8FDC-42A3-9474-1A3956D46DE8}") = "SolutionItems", "SolutionItems", "{0E4380F5-03ED-4BC1-A9B0-2C0304847EA2}"
	ProjectSection(SolutionItems) = preProject
		Notes.md = Notes.md
		CritterHeroes.Web\package-updates.bat = CritterHeroes.Web\package-updates.bat
		SharedAssemblyInfo.cs = SharedAssemblyInfo.cs
		WebEssentials2015-Settings.json = WebEssentials2015-Settings.json
	EndProjectSection
EndProject
Project("{FAE04EC0-301F-11D3-BF4B-00C04F79EFBC}") = "CH.Test", "CH.Test\CH.Test.csproj", "{FFA1CD79-28D4-4514-8DB4-2EBB73338A6E}"
EndProject
Project("{FAE04EC0-301F-11D3-BF4B-00C04F79EFBC}") = "CH.RescueGroupsExplorer", "CH.RescueGroupsExplorer\CH.RescueGroupsExplorer.csproj", "{7392F72B-38E5-4532-A906-9F23080D9ADB}"
EndProject
Project("{FAE04EC0-301F-11D3-BF4B-00C04F79EFBC}") = "CritterHeroes.Web", "CritterHeroes.Web\CritterHeroes.Web.csproj", "{F561F387-E413-4D7C-95FA-683A27B99B98}"
EndProject
Project("{FAE04EC0-301F-11D3-BF4B-00C04F79EFBC}") = "CH.DatabaseMigrator", "CH.DatabaseMigrator\CH.DatabaseMigrator.csproj", "{11AE20E4-BAA7-4188-8CE1-A61757403F89}"
EndProject
Project("{2150E333-8FDC-42A3-9474-1A3956D46DE8}") = "CodeCoverage", "CodeCoverage", "{E3D75F9E-720C-4333-820C-7C6C9CE038D5}"
	ProjectSection(SolutionItems) = preProject
		TestResults\OpenCover\index.htm = TestResults\OpenCover\index.htm
		OpenCover.bat = OpenCover.bat
		ReportGenerator.bat = ReportGenerator.bat
	EndProjectSection
EndProject
Project("{2150E333-8FDC-42A3-9474-1A3956D46DE8}") = "Configurations", "Configurations", "{9F2A7669-0E2B-4F11-92A2-24AF542B0A24}"
	ProjectSection(SolutionItems) = preProject
		Configurations\AppSettings.config = Configurations\AppSettings.config
		Configurations\AppSettings.Migrations.config = Configurations\AppSettings.Migrations.config
		Configurations\ConnectionStrings.Dev.config = Configurations\ConnectionStrings.Dev.config
		Configurations\ConnectionStrings.Migrator.config = Configurations\ConnectionStrings.Migrator.config
		Configurations\ConnectionStrings.Test.config = Configurations\ConnectionStrings.Test.config
		Configurations\CopyConfigurations.bat = Configurations\CopyConfigurations.bat
		Configurations\CopyConnectionStrings.bat = Configurations\CopyConnectionStrings.bat
		Configurations\RescueGroups.config = Configurations\RescueGroups.config
	EndProjectSection
EndProject
Global
	GlobalSection(SolutionConfigurationPlatforms) = preSolution
		Debug|Any CPU = Debug|Any CPU
		Release|Any CPU = Release|Any CPU
	EndGlobalSection
	GlobalSection(ProjectConfigurationPlatforms) = postSolution
		{FFA1CD79-28D4-4514-8DB4-2EBB73338A6E}.Debug|Any CPU.ActiveCfg = Debug|Any CPU
		{FFA1CD79-28D4-4514-8DB4-2EBB73338A6E}.Debug|Any CPU.Build.0 = Debug|Any CPU
		{FFA1CD79-28D4-4514-8DB4-2EBB73338A6E}.Release|Any CPU.ActiveCfg = Release|Any CPU
		{FFA1CD79-28D4-4514-8DB4-2EBB73338A6E}.Release|Any CPU.Build.0 = Release|Any CPU
		{7392F72B-38E5-4532-A906-9F23080D9ADB}.Debug|Any CPU.ActiveCfg = Debug|Any CPU
		{7392F72B-38E5-4532-A906-9F23080D9ADB}.Debug|Any CPU.Build.0 = Debug|Any CPU
		{7392F72B-38E5-4532-A906-9F23080D9ADB}.Release|Any CPU.ActiveCfg = Release|Any CPU
		{7392F72B-38E5-4532-A906-9F23080D9ADB}.Release|Any CPU.Build.0 = Release|Any CPU
		{F561F387-E413-4D7C-95FA-683A27B99B98}.Debug|Any CPU.ActiveCfg = Debug|Any CPU
		{F561F387-E413-4D7C-95FA-683A27B99B98}.Debug|Any CPU.Build.0 = Debug|Any CPU
		{F561F387-E413-4D7C-95FA-683A27B99B98}.Release|Any CPU.ActiveCfg = Release|Any CPU
		{F561F387-E413-4D7C-95FA-683A27B99B98}.Release|Any CPU.Build.0 = Release|Any CPU
		{11AE20E4-BAA7-4188-8CE1-A61757403F89}.Debug|Any CPU.ActiveCfg = Debug|Any CPU
		{11AE20E4-BAA7-4188-8CE1-A61757403F89}.Debug|Any CPU.Build.0 = Debug|Any CPU
		{11AE20E4-BAA7-4188-8CE1-A61757403F89}.Release|Any CPU.ActiveCfg = Release|Any CPU
		{11AE20E4-BAA7-4188-8CE1-A61757403F89}.Release|Any CPU.Build.0 = Release|Any CPU
	EndGlobalSection
	GlobalSection(SolutionProperties) = preSolution
		HideSolutionNode = FALSE
	EndGlobalSection
EndGlobal
